
Microsoft Visual Studio Solution File, Format Version 12.00
# Visual Studio Version 16
VisualStudioVersion = 16.0.31515.178
MinimumVisualStudioVersion = 10.0.40219.1
Project("{9A19103F-16F7-4668-BE54-9A1E7A4F7556}") = "Resume", "Resume\Resume.csproj", "{0010800F-D804-4DCF-B97A-AA6BEE073430}"
EndProject
Project("{9A19103F-16F7-4668-BE54-9A1E7A4F7556}") = "Resume.Domain", "Resume.Domain\Resume.Domain.csproj", "{AE4DF62E-19D4-43E4-8F1E-D5D4D5A522F9}"
EndProject
Project("{9A19103F-16F7-4668-BE54-9A1E7A4F7556}") = "Resume.Application.Interfaces", "Resume.Application.Interfaces\Resume.Application.Interfaces.csproj", "{4FBC0596-E116-4788-99C6-B53CF73A2E3C}"
EndProject
Project("{9A19103F-16F7-4668-BE54-9A1E7A4F7556}") = "Resume.Application", "Resume.Application\Resume.Application.csproj", "{D05B70A4-FEF4-436A-B6CD-CB1FDCEA8F36}"
EndProject
Global
	GlobalSection(SolutionConfigurationPlatforms) = preSolution
		Debug|Any CPU = Debug|Any CPU
		Release|Any CPU = Release|Any CPU
	EndGlobalSection
	GlobalSection(ProjectConfigurationPlatforms) = postSolution
		{0010800F-D804-4DCF-B97A-AA6BEE073430}.Debug|Any CPU.ActiveCfg = Debug|Any CPU
		{0010800F-D804-4DCF-B97A-AA6BEE073430}.Debug|Any CPU.Build.0 = Debug|Any CPU
		{0010800F-D804-4DCF-B97A-AA6BEE073430}.Release|Any CPU.ActiveCfg = Release|Any CPU
		{0010800F-D804-4DCF-B97A-AA6BEE073430}.Release|Any CPU.Build.0 = Release|Any CPU
		{AE4DF62E-19D4-43E4-8F1E-D5D4D5A522F9}.Debug|Any CPU.ActiveCfg = Debug|Any CPU
		{AE4DF62E-19D4-43E4-8F1E-D5D4D5A522F9}.Debug|Any CPU.Build.0 = Debug|Any CPU
		{AE4DF62E-19D4-43E4-8F1E-D5D4D5A522F9}.Release|Any CPU.ActiveCfg = Release|Any CPU
		{AE4DF62E-19D4-43E4-8F1E-D5D4D5A522F9}.Release|Any CPU.Build.0 = Release|Any CPU
		{4FBC0596-E116-4788-99C6-B53CF73A2E3C}.Debug|Any CPU.ActiveCfg = Debug|Any CPU
		{4FBC0596-E116-4788-99C6-B53CF73A2E3C}.Debug|Any CPU.Build.0 = Debug|Any CPU
		{4FBC0596-E116-4788-99C6-B53CF73A2E3C}.Release|Any CPU.ActiveCfg = Release|Any CPU
		{4FBC0596-E116-4788-99C6-B53CF73A2E3C}.Release|Any CPU.Build.0 = Release|Any CPU
		{D05B70A4-FEF4-436A-B6CD-CB1FDCEA8F36}.Debug|Any CPU.ActiveCfg = Debug|Any CPU
		{D05B70A4-FEF4-436A-B6CD-CB1FDCEA8F36}.Debug|Any CPU.Build.0 = Debug|Any CPU
		{D05B70A4-FEF4-436A-B6CD-CB1FDCEA8F36}.Release|Any CPU.ActiveCfg = Release|Any CPU
		{D05B70A4-FEF4-436A-B6CD-CB1FDCEA8F36}.Release|Any CPU.Build.0 = Release|Any CPU
	EndGlobalSection
	GlobalSection(SolutionProperties) = preSolution
		HideSolutionNode = FALSE
	EndGlobalSection
	GlobalSection(ExtensibilityGlobals) = postSolution
		SolutionGuid = {8A328A5B-6949-48A6-87D4-CE51750571C5}
	EndGlobalSection
EndGlobal
